{
  "originHash" : "f8c0f7abbacdff196f2c4918238cc52ba2a0fdf578463a27a8b6788d8afb5b2c",
  "pins" : [
    {
      "identity" : "suirouting",
      "kind" : "remoteSourceControl",
      "location" : "https://github.com/obadasemary/SUIRouting.git",
      "state" : {
        "revision" : "f21ce56a0a823a5cdf05b239c77f2c2ac2a077d4",
        "version" : "1.0.7"
      }
    }
  ],
  "version" : 3
}
