{
  "pins" : [
    {
      "identity" : "suirouting",
      "kind" : "remoteSourceControl",
      "location" : "https://github.com/obadasemary/SUIRouting.git",
      "state" : {
        "branch" : "Swift-V5.9",
        "revision" : "9a0d053f65262aceaa2f289973e3cefc15405350"
      }
    }
  ],
  "version" : 2
}
