// !$*UTF8*$!
{
	archiveVersion = 1;
	classes = {
	};
	objectVersion = 77;
	objects = {

/* Begin PBXBuildFile section */
		AF0906A82E63A12700156C00 /* SUIRouting in Frameworks */ = {isa = PBXBuildFile; productRef = AF0906A72E63A12700156C00 /* SUIRouting */; };
		AFC577082E6095CE00B3C3F0 /* CoreAPI in Frameworks */ = {isa = PBXBuildFile; productRef = AFC577072E6095CE00B3C3F0 /* CoreAPI */; };
		AFC5770A2E6095CE00B3C3F0 /* DependencyContainer in Frameworks */ = {isa = PBXBuildFile; productRef = AFC577092E6095CE00B3C3F0 /* DependencyContainer */; };
		AFC5770C2E6095CE00B3C3F0 /* RickMortyNetworkLayer in Frameworks */ = {isa = PBXBuildFile; productRef = AFC5770B2E6095CE00B3C3F0 /* RickMortyNetworkLayer */; };
		AFC5770E2E6095CE00B3C3F0 /* RickMortyRepository in Frameworks */ = {isa = PBXBuildFile; productRef = AFC5770D2E6095CE00B3C3F0 /* RickMortyRepository */; };
		AFC577102E6095CE00B3C3F0 /* UseCase in Frameworks */ = {isa = PBXBuildFile; productRef = AFC5770F2E6095CE00B3C3F0 /* UseCase */; };
		AFC579842E611B6200B3C3F0 /* FeedView in Frameworks */ = {isa = PBXBuildFile; productRef = AFC579832E611B6200B3C3F0 /* FeedView */; };
		AFC579862E611CF500B3C3F0 /* DevPreview in Frameworks */ = {isa = PBXBuildFile; productRef = AFC579852E611CF500B3C3F0 /* DevPreview */; };
		AFC579882E612AE800B3C3F0 /* CharacterDetailsView in Frameworks */ = {isa = PBXBuildFile; productRef = AFC579872E612AE800B3C3F0 /* CharacterDetailsView */; };
/* End PBXBuildFile section */

/* Begin PBXContainerItemProxy section */
		AFC576102E5F64BE00B3C3F0 /* PBXContainerItemProxy */ = {
			isa = PBXContainerItemProxy;
			containerPortal = AFC575FA2E5F64BD00B3C3F0 /* Project object */;
			proxyType = 1;
			remoteGlobalIDString = AFC576012E5F64BD00B3C3F0;
			remoteInfo = RickMorty;
		};
		AFC5761A2E5F64BE00B3C3F0 /* PBXContainerItemProxy */ = {
			isa = PBXContainerItemProxy;
			containerPortal = AFC575FA2E5F64BD00B3C3F0 /* Project object */;
			proxyType = 1;
			remoteGlobalIDString = AFC576012E5F64BD00B3C3F0;
			remoteInfo = RickMorty;
		};
/* End PBXContainerItemProxy section */

/* Begin PBXFileReference section */
		AFC576022E5F64BD00B3C3F0 /* RickMorty.app */ = {isa = PBXFileReference; explicitFileType = wrapper.application; includeInIndex = 0; path = RickMorty.app; sourceTree = BUILT_PRODUCTS_DIR; };
		AFC5760F2E5F64BE00B3C3F0 /* RickMortyTests.xctest */ = {isa = PBXFileReference; explicitFileType = wrapper.cfbundle; includeInIndex = 0; path = RickMortyTests.xctest; sourceTree = BUILT_PRODUCTS_DIR; };
		AFC576192E5F64BE00B3C3F0 /* RickMortyUITests.xctest */ = {isa = PBXFileReference; explicitFileType = wrapper.cfbundle; includeInIndex = 0; path = RickMortyUITests.xctest; sourceTree = BUILT_PRODUCTS_DIR; };
/* End PBXFileReference section */

/* Begin PBXFileSystemSynchronizedRootGroup section */
		AFC576042E5F64BD00B3C3F0 /* RickMorty */ = {
			isa = PBXFileSystemSynchronizedRootGroup;
			path = RickMorty;
			sourceTree = "<group>";
		};
		AFC576122E5F64BE00B3C3F0 /* RickMortyTests */ = {
			isa = PBXFileSystemSynchronizedRootGroup;
			path = RickMortyTests;
			sourceTree = "<group>";
		};
		AFC5761C2E5F64BE00B3C3F0 /* RickMortyUITests */ = {
			isa = PBXFileSystemSynchronizedRootGroup;
			path = RickMortyUITests;
			sourceTree = "<group>";
		};
/* End PBXFileSystemSynchronizedRootGroup section */

/* Begin PBXFrameworksBuildPhase section */
		AFC575FF2E5F64BD00B3C3F0 /* Frameworks */ = {
			isa = PBXFrameworksBuildPhase;
			buildActionMask = 2147483647;
			files = (
				AFC577082E6095CE00B3C3F0 /* CoreAPI in Frameworks */,
				AFC579842E611B6200B3C3F0 /* FeedView in Frameworks */,
				AFC579882E612AE800B3C3F0 /* CharacterDetailsView in Frameworks */,
				AFC5770C2E6095CE00B3C3F0 /* RickMortyNetworkLayer in Frameworks */,
				AF0906A82E63A12700156C00 /* SUIRouting in Frameworks */,
				AFC5770A2E6095CE00B3C3F0 /* DependencyContainer in Frameworks */,
				AFC579862E611CF500B3C3F0 /* DevPreview in Frameworks */,
				AFC5770E2E6095CE00B3C3F0 /* RickMortyRepository in Frameworks */,
				AFC577102E6095CE00B3C3F0 /* UseCase in Frameworks */,
			);
			runOnlyForDeploymentPostprocessing = 0;
		};
		AFC5760C2E5F64BE00B3C3F0 /* Frameworks */ = {
			isa = PBXFrameworksBuildPhase;
			buildActionMask = 2147483647;
			files = (
			);
			runOnlyForDeploymentPostprocessing = 0;
		};
		AFC576162E5F64BE00B3C3F0 /* Frameworks */ = {
			isa = PBXFrameworksBuildPhase;
			buildActionMask = 2147483647;
			files = (
			);
			runOnlyForDeploymentPostprocessing = 0;
		};
/* End PBXFrameworksBuildPhase section */

/* Begin PBXGroup section */
		AFC575F92E5F64BD00B3C3F0 = {
			isa = PBXGroup;
			children = (
				AFC576042E5F64BD00B3C3F0 /* RickMorty */,
				AFC576122E5F64BE00B3C3F0 /* RickMortyTests */,
				AFC5761C2E5F64BE00B3C3F0 /* RickMortyUITests */,
				AFC577062E6095CE00B3C3F0 /* Frameworks */,
				AFC576032E5F64BD00B3C3F0 /* Products */,
			);
			sourceTree = "<group>";
		};
		AFC576032E5F64BD00B3C3F0 /* Products */ = {
			isa = PBXGroup;
			children = (
				AFC576022E5F64BD00B3C3F0 /* RickMorty.app */,
				AFC5760F2E5F64BE00B3C3F0 /* RickMortyTests.xctest */,
				AFC576192E5F64BE00B3C3F0 /* RickMortyUITests.xctest */,
			);
			name = Products;
			sourceTree = "<group>";
		};
		AFC577062E6095CE00B3C3F0 /* Frameworks */ = {
			isa = PBXGroup;
			children = (
			);
			name = Frameworks;
			sourceTree = "<group>";
		};
/* End PBXGroup section */

/* Begin PBXNativeTarget section */
		AFC576012E5F64BD00B3C3F0 /* RickMorty */ = {
			isa = PBXNativeTarget;
			buildConfigurationList = AFC576232E5F64BE00B3C3F0 /* Build configuration list for PBXNativeTarget "RickMorty" */;
			buildPhases = (
				AFC575FE2E5F64BD00B3C3F0 /* Sources */,
				AFC575FF2E5F64BD00B3C3F0 /* Frameworks */,
				AFC576002E5F64BD00B3C3F0 /* Resources */,
			);
			buildRules = (
			);
			dependencies = (
			);
			fileSystemSynchronizedGroups = (
				AFC576042E5F64BD00B3C3F0 /* RickMorty */,
			);
			name = RickMorty;
			packageProductDependencies = (
				AFC577072E6095CE00B3C3F0 /* CoreAPI */,
				AFC577092E6095CE00B3C3F0 /* DependencyContainer */,
				AFC5770B2E6095CE00B3C3F0 /* RickMortyNetworkLayer */,
				AFC5770D2E6095CE00B3C3F0 /* RickMortyRepository */,
				AFC5770F2E6095CE00B3C3F0 /* UseCase */,
				AFC579832E611B6200B3C3F0 /* FeedView */,
				AFC579852E611CF500B3C3F0 /* DevPreview */,
				AFC579872E612AE800B3C3F0 /* CharacterDetailsView */,
				AF0906A72E63A12700156C00 /* SUIRouting */,
			);
			productName = RickMorty;
			productReference = AFC576022E5F64BD00B3C3F0 /* RickMorty.app */;
			productType = "com.apple.product-type.application";
		};
		AFC5760E2E5F64BE00B3C3F0 /* RickMortyTests */ = {
			isa = PBXNativeTarget;
			buildConfigurationList = AFC576262E5F64BE00B3C3F0 /* Build configuration list for PBXNativeTarget "RickMortyTests" */;
			buildPhases = (
				AFC5760B2E5F64BE00B3C3F0 /* Sources */,
				AFC5760C2E5F64BE00B3C3F0 /* Frameworks */,
				AFC5760D2E5F64BE00B3C3F0 /* Resources */,
			);
			buildRules = (
			);
			dependencies = (
				AFC576112E5F64BE00B3C3F0 /* PBXTargetDependency */,
			);
			fileSystemSynchronizedGroups = (
				AFC576122E5F64BE00B3C3F0 /* RickMortyTests */,
			);
			name = RickMortyTests;
			packageProductDependencies = (
			);
			productName = RickMortyTests;
			productReference = AFC5760F2E5F64BE00B3C3F0 /* RickMortyTests.xctest */;
			productType = "com.apple.product-type.bundle.unit-test";
		};
		AFC576182E5F64BE00B3C3F0 /* RickMortyUITests */ = {
			isa = PBXNativeTarget;
			buildConfigurationList = AFC576292E5F64BE00B3C3F0 /* Build configuration list for PBXNativeTarget "RickMortyUITests" */;
			buildPhases = (
				AFC576152E5F64BE00B3C3F0 /* Sources */,
				AFC576162E5F64BE00B3C3F0 /* Frameworks */,
				AFC576172E5F64BE00B3C3F0 /* Resources */,
			);
			buildRules = (
			);
			dependencies = (
				AFC5761B2E5F64BE00B3C3F0 /* PBXTargetDependency */,
			);
			fileSystemSynchronizedGroups = (
				AFC5761C2E5F64BE00B3C3F0 /* RickMortyUITests */,
			);
			name = RickMortyUITests;
			packageProductDependencies = (
			);
			productName = RickMortyUITests;
			productReference = AFC576192E5F64BE00B3C3F0 /* RickMortyUITests.xctest */;
			productType = "com.apple.product-type.bundle.ui-testing";
		};
/* End PBXNativeTarget section */

/* Begin PBXProject section */
		AFC575FA2E5F64BD00B3C3F0 /* Project object */ = {
			isa = PBXProject;
			attributes = {
				BuildIndependentTargetsInParallel = 1;
				LastSwiftUpdateCheck = 1640;
				LastUpgradeCheck = 1640;
				TargetAttributes = {
					AFC576012E5F64BD00B3C3F0 = {
						CreatedOnToolsVersion = 16.4;
					};
					AFC5760E2E5F64BE00B3C3F0 = {
						CreatedOnToolsVersion = 16.4;
						TestTargetID = AFC576012E5F64BD00B3C3F0;
					};
					AFC576182E5F64BE00B3C3F0 = {
						CreatedOnToolsVersion = 16.4;
						TestTargetID = AFC576012E5F64BD00B3C3F0;
					};
				};
			};
			buildConfigurationList = AFC575FD2E5F64BD00B3C3F0 /* Build configuration list for PBXProject "RickMorty" */;
			developmentRegion = en;
			hasScannedForEncodings = 0;
			knownRegions = (
				en,
				Base,
			);
			mainGroup = AFC575F92E5F64BD00B3C3F0;
			minimizedProjectReferenceProxies = 1;
			packageReferences = (
				AF0906A62E63A12700156C00 /* XCRemoteSwiftPackageReference "SUIRouting" */,
			);
			preferredProjectObjectVersion = 77;
			productRefGroup = AFC576032E5F64BD00B3C3F0 /* Products */;
			projectDirPath = "";
			projectRoot = "";
			targets = (
				AFC576012E5F64BD00B3C3F0 /* RickMorty */,
				AFC5760E2E5F64BE00B3C3F0 /* RickMortyTests */,
				AFC576182E5F64BE00B3C3F0 /* RickMortyUITests */,
			);
		};
/* End PBXProject section */

/* Begin PBXResourcesBuildPhase section */
		AFC576002E5F64BD00B3C3F0 /* Resources */ = {
			isa = PBXResourcesBuildPhase;
			buildActionMask = 2147483647;
			files = (
			);
			runOnlyForDeploymentPostprocessing = 0;
		};
		AFC5760D2E5F64BE00B3C3F0 /* Resources */ = {
			isa = PBXResourcesBuildPhase;
			buildActionMask = 2147483647;
			files = (
			);
			runOnlyForDeploymentPostprocessing = 0;
		};
		AFC576172E5F64BE00B3C3F0 /* Resources */ = {
			isa = PBXResourcesBuildPhase;
			buildActionMask = 2147483647;
			files = (
			);
			runOnlyForDeploymentPostprocessing = 0;
		};
/* End PBXResourcesBuildPhase section */

/* Begin PBXSourcesBuildPhase section */
		AFC575FE2E5F64BD00B3C3F0 /* Sources */ = {
			isa = PBXSourcesBuildPhase;
			buildActionMask = 2147483647;
			files = (
			);
			runOnlyForDeploymentPostprocessing = 0;
		};
		AFC5760B2E5F64BE00B3C3F0 /* Sources */ = {
			isa = PBXSourcesBuildPhase;
			buildActionMask = 2147483647;
			files = (
			);
			runOnlyForDeploymentPostprocessing = 0;
		};
		AFC576152E5F64BE00B3C3F0 /* Sources */ = {
			isa = PBXSourcesBuildPhase;
			buildActionMask = 2147483647;
			files = (
			);
			runOnlyForDeploymentPostprocessing = 0;
		};
/* End PBXSourcesBuildPhase section */

/* Begin PBXTargetDependency section */
		AFC576112E5F64BE00B3C3F0 /* PBXTargetDependency */ = {
			isa = PBXTargetDependency;
			target = AFC576012E5F64BD00B3C3F0 /* RickMorty */;
			targetProxy = AFC576102E5F64BE00B3C3F0 /* PBXContainerItemProxy */;
		};
		AFC5761B2E5F64BE00B3C3F0 /* PBXTargetDependency */ = {
			isa = PBXTargetDependency;
			target = AFC576012E5F64BD00B3C3F0 /* RickMorty */;
			targetProxy = AFC5761A2E5F64BE00B3C3F0 /* PBXContainerItemProxy */;
		};
/* End PBXTargetDependency section */

/* Begin XCBuildConfiguration section */
		AFC576212E5F64BE00B3C3F0 /* Debug */ = {
			isa = XCBuildConfiguration;
			buildSettings = {
				ALWAYS_SEARCH_USER_PATHS = NO;
				ASSETCATALOG_COMPILER_GENERATE_SWIFT_ASSET_SYMBOL_EXTENSIONS = YES;
				CLANG_ANALYZER_NONNULL = YES;
				CLANG_ANALYZER_NUMBER_OBJECT_CONVERSION = YES_AGGRESSIVE;
				CLANG_CXX_LANGUAGE_STANDARD = "gnu++20";
				CLANG_ENABLE_MODULES = YES;
				CLANG_ENABLE_OBJC_ARC = YES;
				CLANG_ENABLE_OBJC_WEAK = YES;
				CLANG_WARN_BLOCK_CAPTURE_AUTORELEASING = YES;
				CLANG_WARN_BOOL_CONVERSION = YES;
				CLANG_WARN_COMMA = YES;
				CLANG_WARN_CONSTANT_CONVERSION = YES;
				CLANG_WARN_DEPRECATED_OBJC_IMPLEMENTATIONS = YES;
				CLANG_WARN_DIRECT_OBJC_ISA_USAGE = YES_ERROR;
				CLANG_WARN_DOCUMENTATION_COMMENTS = YES;
				CLANG_WARN_EMPTY_BODY = YES;
				CLANG_WARN_ENUM_CONVERSION = YES;
				CLANG_WARN_INFINITE_RECURSION = YES;
				CLANG_WARN_INT_CONVERSION = YES;
				CLANG_WARN_NON_LITERAL_NULL_CONVERSION = YES;
				CLANG_WARN_OBJC_IMPLICIT_RETAIN_SELF = YES;
				CLANG_WARN_OBJC_LITERAL_CONVERSION = YES;
				CLANG_WARN_OBJC_ROOT_CLASS = YES_ERROR;
				CLANG_WARN_QUOTED_INCLUDE_IN_FRAMEWORK_HEADER = YES;
				CLANG_WARN_RANGE_LOOP_ANALYSIS = YES;
				CLANG_WARN_STRICT_PROTOTYPES = YES;
				CLANG_WARN_SUSPICIOUS_MOVE = YES;
				CLANG_WARN_UNGUARDED_AVAILABILITY = YES_AGGRESSIVE;
				CLANG_WARN_UNREACHABLE_CODE = YES;
				CLANG_WARN__DUPLICATE_METHOD_MATCH = YES;
				COPY_PHASE_STRIP = NO;
				DEBUG_INFORMATION_FORMAT = dwarf;
				DEVELOPMENT_TEAM = KM569NM77P;
				ENABLE_STRICT_OBJC_MSGSEND = YES;
				ENABLE_TESTABILITY = YES;
				ENABLE_USER_SCRIPT_SANDBOXING = YES;
				GCC_C_LANGUAGE_STANDARD = gnu17;
				GCC_DYNAMIC_NO_PIC = NO;
				GCC_NO_COMMON_BLOCKS = YES;
				GCC_OPTIMIZATION_LEVEL = 0;
				GCC_PREPROCESSOR_DEFINITIONS = (
					"DEBUG=1",
					"$(inherited)",
				);
				GCC_WARN_64_TO_32_BIT_CONVERSION = YES;
				GCC_WARN_ABOUT_RETURN_TYPE = YES_ERROR;
				GCC_WARN_UNDECLARED_SELECTOR = YES;
				GCC_WARN_UNINITIALIZED_AUTOS = YES_AGGRESSIVE;
				GCC_WARN_UNUSED_FUNCTION = YES;
				GCC_WARN_UNUSED_VARIABLE = YES;
				IPHONEOS_DEPLOYMENT_TARGET = 18.5;
				LOCALIZATION_PREFERS_STRING_CATALOGS = YES;
				MTL_ENABLE_DEBUG_INFO = INCLUDE_SOURCE;
				MTL_FAST_MATH = YES;
				ONLY_ACTIVE_ARCH = YES;
				SDKROOT = iphoneos;
				SWIFT_ACTIVE_COMPILATION_CONDITIONS = "DEBUG $(inherited)";
				SWIFT_OPTIMIZATION_LEVEL = "-Onone";
			};
			name = Debug;
		};
		AFC576222E5F64BE00B3C3F0 /* Release */ = {
			isa = XCBuildConfiguration;
			buildSettings = {
				ALWAYS_SEARCH_USER_PATHS = NO;
				ASSETCATALOG_COMPILER_GENERATE_SWIFT_ASSET_SYMBOL_EXTENSIONS = YES;
				CLANG_ANALYZER_NONNULL = YES;
				CLANG_ANALYZER_NUMBER_OBJECT_CONVERSION = YES_AGGRESSIVE;
				CLANG_CXX_LANGUAGE_STANDARD = "gnu++20";
				CLANG_ENABLE_MODULES = YES;
				CLANG_ENABLE_OBJC_ARC = YES;
				CLANG_ENABLE_OBJC_WEAK = YES;
				CLANG_WARN_BLOCK_CAPTURE_AUTORELEASING = YES;
				CLANG_WARN_BOOL_CONVERSION = YES;
				CLANG_WARN_COMMA = YES;
				CLANG_WARN_CONSTANT_CONVERSION = YES;
				CLANG_WARN_DEPRECATED_OBJC_IMPLEMENTATIONS = YES;
				CLANG_WARN_DIRECT_OBJC_ISA_USAGE = YES_ERROR;
				CLANG_WARN_DOCUMENTATION_COMMENTS = YES;
				CLANG_WARN_EMPTY_BODY = YES;
				CLANG_WARN_ENUM_CONVERSION = YES;
				CLANG_WARN_INFINITE_RECURSION = YES;
				CLANG_WARN_INT_CONVERSION = YES;
				CLANG_WARN_NON_LITERAL_NULL_CONVERSION = YES;
				CLANG_WARN_OBJC_IMPLICIT_RETAIN_SELF = YES;
				CLANG_WARN_OBJC_LITERAL_CONVERSION = YES;
				CLANG_WARN_OBJC_ROOT_CLASS = YES_ERROR;
				CLANG_WARN_QUOTED_INCLUDE_IN_FRAMEWORK_HEADER = YES;
				CLANG_WARN_RANGE_LOOP_ANALYSIS = YES;
				CLANG_WARN_STRICT_PROTOTYPES = YES;
				CLANG_WARN_SUSPICIOUS_MOVE = YES;
				CLANG_WARN_UNGUARDED_AVAILABILITY = YES_AGGRESSIVE;
				CLANG_WARN_UNREACHABLE_CODE = YES;
				CLANG_WARN__DUPLICATE_METHOD_MATCH = YES;
				COPY_PHASE_STRIP = NO;
				DEBUG_INFORMATION_FORMAT = "dwarf-with-dsym";
				DEVELOPMENT_TEAM = KM569NM77P;
				ENABLE_NS_ASSERTIONS = NO;
				ENABLE_STRICT_OBJC_MSGSEND = YES;
				ENABLE_USER_SCRIPT_SANDBOXING = YES;
				GCC_C_LANGUAGE_STANDARD = gnu17;
				GCC_NO_COMMON_BLOCKS = YES;
				GCC_WARN_64_TO_32_BIT_CONVERSION = YES;
				GCC_WARN_ABOUT_RETURN_TYPE = YES_ERROR;
				GCC_WARN_UNDECLARED_SELECTOR = YES;
				GCC_WARN_UNINITIALIZED_AUTOS = YES_AGGRESSIVE;
				GCC_WARN_UNUSED_FUNCTION = YES;
				GCC_WARN_UNUSED_VARIABLE = YES;
				IPHONEOS_DEPLOYMENT_TARGET = 18.5;
				LOCALIZATION_PREFERS_STRING_CATALOGS = YES;
				MTL_ENABLE_DEBUG_INFO = NO;
				MTL_FAST_MATH = YES;
				SDKROOT = iphoneos;
				SWIFT_COMPILATION_MODE = wholemodule;
				VALIDATE_PRODUCT = YES;
			};
			name = Release;
		};
		AFC576242E5F64BE00B3C3F0 /* Debug */ = {
			isa = XCBuildConfiguration;
			buildSettings = {
				ASSETCATALOG_COMPILER_APPICON_NAME = AppIcon;
				ASSETCATALOG_COMPILER_GLOBAL_ACCENT_COLOR_NAME = AccentColor;
				CODE_SIGN_STYLE = Automatic;
				CURRENT_PROJECT_VERSION = 1;
				DEVELOPMENT_TEAM = KM569NM77P;
				ENABLE_PREVIEWS = YES;
				GENERATE_INFOPLIST_FILE = YES;
				INFOPLIST_KEY_CFBundleDisplayName = "Rick & Morty";
				INFOPLIST_KEY_UIApplicationSceneManifest_Generation = YES;
				INFOPLIST_KEY_UIApplicationSupportsIndirectInputEvents = YES;
				INFOPLIST_KEY_UILaunchScreen_Generation = YES;
				INFOPLIST_KEY_UISupportedInterfaceOrientations_iPad = "UIInterfaceOrientationPortrait UIInterfaceOrientationPortraitUpsideDown UIInterfaceOrientationLandscapeLeft UIInterfaceOrientationLandscapeRight";
				INFOPLIST_KEY_UISupportedInterfaceOrientations_iPhone = "UIInterfaceOrientationPortrait UIInterfaceOrientationLandscapeLeft UIInterfaceOrientationLandscapeRight";
				LD_RUNPATH_SEARCH_PATHS = (
					"$(inherited)",
					"@executable_path/Frameworks",
				);
				MARKETING_VERSION = 1.0;
				PRODUCT_BUNDLE_IDENTIFIER = com.SamuraiStudios.RickMorty;
				PRODUCT_NAME = "$(TARGET_NAME)";
				SWIFT_EMIT_LOC_STRINGS = YES;
				SWIFT_VERSION = 5.0;
				TARGETED_DEVICE_FAMILY = "1,2";
			};
			name = Debug;
		};
		AFC576252E5F64BE00B3C3F0 /* Release */ = {
			isa = XCBuildConfiguration;
			buildSettings = {
				ASSETCATALOG_COMPILER_APPICON_NAME = AppIcon;
				ASSETCATALOG_COMPILER_GLOBAL_ACCENT_COLOR_NAME = AccentColor;
				CODE_SIGN_STYLE = Automatic;
				CURRENT_PROJECT_VERSION = 1;
				DEVELOPMENT_TEAM = KM569NM77P;
				ENABLE_PREVIEWS = YES;
				GENERATE_INFOPLIST_FILE = YES;
				INFOPLIST_KEY_CFBundleDisplayName = "Rick & Morty";
				INFOPLIST_KEY_UIApplicationSceneManifest_Generation = YES;
				INFOPLIST_KEY_UIApplicationSupportsIndirectInputEvents = YES;
				INFOPLIST_KEY_UILaunchScreen_Generation = YES;
				INFOPLIST_KEY_UISupportedInterfaceOrientations_iPad = "UIInterfaceOrientationPortrait UIInterfaceOrientationPortraitUpsideDown UIInterfaceOrientationLandscapeLeft UIInterfaceOrientationLandscapeRight";
				INFOPLIST_KEY_UISupportedInterfaceOrientations_iPhone = "UIInterfaceOrientationPortrait UIInterfaceOrientationLandscapeLeft UIInterfaceOrientationLandscapeRight";
				LD_RUNPATH_SEARCH_PATHS = (
					"$(inherited)",
					"@executable_path/Frameworks",
				);
				MARKETING_VERSION = 1.0;
				PRODUCT_BUNDLE_IDENTIFIER = com.SamuraiStudios.RickMorty;
				PRODUCT_NAME = "$(TARGET_NAME)";
				SWIFT_EMIT_LOC_STRINGS = YES;
				SWIFT_VERSION = 5.0;
				TARGETED_DEVICE_FAMILY = "1,2";
			};
			name = Release;
		};
		AFC576272E5F64BE00B3C3F0 /* Debug */ = {
			isa = XCBuildConfiguration;
			buildSettings = {
				BUNDLE_LOADER = "$(TEST_HOST)";
				CODE_SIGN_STYLE = Automatic;
				CURRENT_PROJECT_VERSION = 1;
				DEVELOPMENT_TEAM = KM569NM77P;
				GENERATE_INFOPLIST_FILE = YES;
				IPHONEOS_DEPLOYMENT_TARGET = 18.5;
				MARKETING_VERSION = 1.0;
				PRODUCT_BUNDLE_IDENTIFIER = com.SamuraiStudios.RickMortyTests;
				PRODUCT_NAME = "$(TARGET_NAME)";
				SWIFT_EMIT_LOC_STRINGS = NO;
				SWIFT_VERSION = 5.0;
				TARGETED_DEVICE_FAMILY = "1,2";
				TEST_HOST = "$(BUILT_PRODUCTS_DIR)/RickMorty.app/$(BUNDLE_EXECUTABLE_FOLDER_PATH)/RickMorty";
			};
			name = Debug;
		};
		AFC576282E5F64BE00B3C3F0 /* Release */ = {
			isa = XCBuildConfiguration;
			buildSettings = {
				BUNDLE_LOADER = "$(TEST_HOST)";
				CODE_SIGN_STYLE = Automatic;
				CURRENT_PROJECT_VERSION = 1;
				DEVELOPMENT_TEAM = KM569NM77P;
				GENERATE_INFOPLIST_FILE = YES;
				IPHONEOS_DEPLOYMENT_TARGET = 18.5;
				MARKETING_VERSION = 1.0;
				PRODUCT_BUNDLE_IDENTIFIER = com.SamuraiStudios.RickMortyTests;
				PRODUCT_NAME = "$(TARGET_NAME)";
				SWIFT_EMIT_LOC_STRINGS = NO;
				SWIFT_VERSION = 5.0;
				TARGETED_DEVICE_FAMILY = "1,2";
				TEST_HOST = "$(BUILT_PRODUCTS_DIR)/RickMorty.app/$(BUNDLE_EXECUTABLE_FOLDER_PATH)/RickMorty";
			};
			name = Release;
		};
		AFC5762A2E5F64BE00B3C3F0 /* Debug */ = {
			isa = XCBuildConfiguration;
			buildSettings = {
				CODE_SIGN_STYLE = Automatic;
				CURRENT_PROJECT_VERSION = 1;
				DEVELOPMENT_TEAM = KM569NM77P;
				GENERATE_INFOPLIST_FILE = YES;
				MARKETING_VERSION = 1.0;
				PRODUCT_BUNDLE_IDENTIFIER = com.SamuraiStudios.RickMortyUITests;
				PRODUCT_NAME = "$(TARGET_NAME)";
				SWIFT_EMIT_LOC_STRINGS = NO;
				SWIFT_VERSION = 5.0;
				TARGETED_DEVICE_FAMILY = "1,2";
				TEST_TARGET_NAME = RickMorty;
			};
			name = Debug;
		};
		AFC5762B2E5F64BE00B3C3F0 /* Release */ = {
			isa = XCBuildConfiguration;
			buildSettings = {
				CODE_SIGN_STYLE = Automatic;
				CURRENT_PROJECT_VERSION = 1;
				DEVELOPMENT_TEAM = KM569NM77P;
				GENERATE_INFOPLIST_FILE = YES;
				MARKETING_VERSION = 1.0;
				PRODUCT_BUNDLE_IDENTIFIER = com.SamuraiStudios.RickMortyUITests;
				PRODUCT_NAME = "$(TARGET_NAME)";
				SWIFT_EMIT_LOC_STRINGS = NO;
				SWIFT_VERSION = 5.0;
				TARGETED_DEVICE_FAMILY = "1,2";
				TEST_TARGET_NAME = RickMorty;
			};
			name = Release;
		};
/* End XCBuildConfiguration section */

/* Begin XCConfigurationList section */
		AFC575FD2E5F64BD00B3C3F0 /* Build configuration list for PBXProject "RickMorty" */ = {
			isa = XCConfigurationList;
			buildConfigurations = (
				AFC576212E5F64BE00B3C3F0 /* Debug */,
				AFC576222E5F64BE00B3C3F0 /* Release */,
			);
			defaultConfigurationIsVisible = 0;
			defaultConfigurationName = Release;
		};
		AFC576232E5F64BE00B3C3F0 /* Build configuration list for PBXNativeTarget "RickMorty" */ = {
			isa = XCConfigurationList;
			buildConfigurations = (
				AFC576242E5F64BE00B3C3F0 /* Debug */,
				AFC576252E5F64BE00B3C3F0 /* Release */,
			);
			defaultConfigurationIsVisible = 0;
			defaultConfigurationName = Release;
		};
		AFC576262E5F64BE00B3C3F0 /* Build configuration list for PBXNativeTarget "RickMortyTests" */ = {
			isa = XCConfigurationList;
			buildConfigurations = (
				AFC576272E5F64BE00B3C3F0 /* Debug */,
				AFC576282E5F64BE00B3C3F0 /* Release */,
			);
			defaultConfigurationIsVisible = 0;
			defaultConfigurationName = Release;
		};
		AFC576292E5F64BE00B3C3F0 /* Build configuration list for PBXNativeTarget "RickMortyUITests" */ = {
			isa = XCConfigurationList;
			buildConfigurations = (
				AFC5762A2E5F64BE00B3C3F0 /* Debug */,
				AFC5762B2E5F64BE00B3C3F0 /* Release */,
			);
			defaultConfigurationIsVisible = 0;
			defaultConfigurationName = Release;
		};
/* End XCConfigurationList section */

/* Begin XCRemoteSwiftPackageReference section */
		AF0906A62E63A12700156C00 /* XCRemoteSwiftPackageReference "SUIRouting" */ = {
			isa = XCRemoteSwiftPackageReference;
			repositoryURL = "https://github.com/obadasemary/SUIRouting.git";
			requirement = {
				kind = upToNextMajorVersion;
				minimumVersion = 1.0.6;
			};
		};
/* End XCRemoteSwiftPackageReference section */

/* Begin XCSwiftPackageProductDependency section */
		AF0906A72E63A12700156C00 /* SUIRouting */ = {
			isa = XCSwiftPackageProductDependency;
			package = AF0906A62E63A12700156C00 /* XCRemoteSwiftPackageReference "SUIRouting" */;
			productName = SUIRouting;
		};
		AFC577072E6095CE00B3C3F0 /* CoreAPI */ = {
			isa = XCSwiftPackageProductDependency;
			productName = CoreAPI;
		};
		AFC577092E6095CE00B3C3F0 /* DependencyContainer */ = {
			isa = XCSwiftPackageProductDependency;
			productName = DependencyContainer;
		};
		AFC5770B2E6095CE00B3C3F0 /* RickMortyNetworkLayer */ = {
			isa = XCSwiftPackageProductDependency;
			productName = RickMortyNetworkLayer;
		};
		AFC5770D2E6095CE00B3C3F0 /* RickMortyRepository */ = {
			isa = XCSwiftPackageProductDependency;
			productName = RickMortyRepository;
		};
		AFC5770F2E6095CE00B3C3F0 /* UseCase */ = {
			isa = XCSwiftPackageProductDependency;
			productName = UseCase;
		};
		AFC579832E611B6200B3C3F0 /* FeedView */ = {
			isa = XCSwiftPackageProductDependency;
			productName = FeedView;
		};
		AFC579852E611CF500B3C3F0 /* DevPreview */ = {
			isa = XCSwiftPackageProductDependency;
			productName = DevPreview;
		};
		AFC579872E612AE800B3C3F0 /* CharacterDetailsView */ = {
			isa = XCSwiftPackageProductDependency;
			productName = CharacterDetailsView;
		};
/* End XCSwiftPackageProductDependency section */
	};
	rootObject = AFC575FA2E5F64BD00B3C3F0 /* Project object */;
}
